
Microsoft Visual Studio Solution File, Format Version 12.00
# Visual Studio Version 17
VisualStudioVersion = 17.3.32929.385
MinimumVisualStudioVersion = 10.0.40219.1
Project("{FAE04EC0-301F-11D3-BF4B-00C04F79EFBC}") = "MultiFormCalculator", "MultiFormCalculator\MultiFormCalculator.csproj", "{164F89C9-0DE2-4B45-979E-5DE03319BBE1}"
EndProject
Global
	GlobalSection(SolutionConfigurationPlatforms) = preSolution
		Debug|Any CPU = Debug|Any CPU
		Release|Any CPU = Release|Any CPU
	EndGlobalSection
	GlobalSection(ProjectConfigurationPlatforms) = postSolution
		{164F89C9-0DE2-4B45-979E-5DE03319BBE1}.Debug|Any CPU.ActiveCfg = Debug|Any CPU
		{164F89C9-0DE2-4B45-979E-5DE03319BBE1}.Debug|Any CPU.Build.0 = Debug|Any CPU
		{164F89C9-0DE2-4B45-979E-5DE03319BBE1}.Release|Any CPU.ActiveCfg = Release|Any CPU
		{164F89C9-0DE2-4B45-979E-5DE03319BBE1}.Release|Any CPU.Build.0 = Release|Any CPU
	EndGlobalSection
	GlobalSection(SolutionProperties) = preSolution
		HideSolutionNode = FALSE
	EndGlobalSection
	GlobalSection(ExtensibilityGlobals) = postSolution
		SolutionGuid = {91EAB7D8-CE7B-4F27-8681-E51549D7ADC5}
	EndGlobalSection
EndGlobal
